
Microsoft Visual Studio Solution File, Format Version 12.00
# Visual Studio 15
VisualStudioVersion = 15.0.26730.12
MinimumVisualStudioVersion = 10.0.40219.1
Project("{FAE04EC0-301F-11D3-BF4B-00C04F79EFBC}") = "WindowsFormsApp2", "WindowsFormsApp2\WindowsFormsApp2.csproj", "{0C6C249D-5871-4EA0-98A7-D078FA294345}"
EndProject
Project("{FAE04EC0-301F-11D3-BF4B-00C04F79EFBC}") = "WindowsFormsApp1", "WindowsFormsApp1\WindowsFormsApp1.csproj", "{E39783CF-9566-4821-A8A8-A4C802B020C1}"
EndProject
Global
	GlobalSection(SolutionConfigurationPlatforms) = preSolution
		Debug|Any CPU = Debug|Any CPU
		Release|Any CPU = Release|Any CPU
	EndGlobalSection
	GlobalSection(ProjectConfigurationPlatforms) = postSolution
		{0C6C249D-5871-4EA0-98A7-D078FA294345}.Debug|Any CPU.ActiveCfg = Debug|Any CPU
		{0C6C249D-5871-4EA0-98A7-D078FA294345}.Debug|Any CPU.Build.0 = Debug|Any CPU
		{0C6C249D-5871-4EA0-98A7-D078FA294345}.Release|Any CPU.ActiveCfg = Release|Any CPU
		{0C6C249D-5871-4EA0-98A7-D078FA294345}.Release|Any CPU.Build.0 = Release|Any CPU
		{E39783CF-9566-4821-A8A8-A4C802B020C1}.Debug|Any CPU.ActiveCfg = Debug|Any CPU
		{E39783CF-9566-4821-A8A8-A4C802B020C1}.Debug|Any CPU.Build.0 = Debug|Any CPU
		{E39783CF-9566-4821-A8A8-A4C802B020C1}.Release|Any CPU.ActiveCfg = Release|Any CPU
		{E39783CF-9566-4821-A8A8-A4C802B020C1}.Release|Any CPU.Build.0 = Release|Any CPU
	EndGlobalSection
	GlobalSection(SolutionProperties) = preSolution
		HideSolutionNode = FALSE
	EndGlobalSection
	GlobalSection(ExtensibilityGlobals) = postSolution
		SolutionGuid = {F1F4F0CD-D3D8-401D-8CCD-F314A5C01AE4}
	EndGlobalSection
EndGlobal
